
Microsoft Visual Studio Solution File, Format Version 12.00
# Visual Studio 14
VisualStudioVersion = 14.0.25420.1
MinimumVisualStudioVersion = 10.0.40219.1
Project("{FAE04EC0-301F-11D3-BF4B-00C04F79EFBC}") = "RestaurantApp", "RestaurantApp\RestaurantApp\RestaurantApp.csproj", "{114563DE-AE98-4565-B80C-68F53C95CEAD}"
EndProject
Project("{FAE04EC0-301F-11D3-BF4B-00C04F79EFBC}") = "RestaurantApp.Droid", "RestaurantApp\RestaurantApp.Droid\RestaurantApp.Droid.csproj", "{9C373DC7-72B3-4411-A494-57A74DC3BE5D}"
EndProject
Project("{FAE04EC0-301F-11D3-BF4B-00C04F79EFBC}") = "RestaurantApp.iOS", "RestaurantApp\RestaurantApp.iOS\RestaurantApp.iOS.csproj", "{1AEE3E67-3CAE-4BFE-8DCD-58B63D221FF2}"
EndProject
Project("{FAE04EC0-301F-11D3-BF4B-00C04F79EFBC}") = "RestaurantApp.UWP", "RestaurantApp\RestaurantApp.UWP\RestaurantApp.UWP.csproj", "{12323492-6F26-4C17-8E71-07E1CEF6D1EC}"
EndProject
Global
	GlobalSection(SolutionConfigurationPlatforms) = preSolution
		Ad-Hoc|Any CPU = Ad-Hoc|Any CPU
		Ad-Hoc|ARM = Ad-Hoc|ARM
		Ad-Hoc|iPhone = Ad-Hoc|iPhone
		Ad-Hoc|iPhoneSimulator = Ad-Hoc|iPhoneSimulator
		Ad-Hoc|x64 = Ad-Hoc|x64
		Ad-Hoc|x86 = Ad-Hoc|x86
		AppStore|Any CPU = AppStore|Any CPU
		AppStore|ARM = AppStore|ARM
		AppStore|iPhone = AppStore|iPhone
		AppStore|iPhoneSimulator = AppStore|iPhoneSimulator
		AppStore|x64 = AppStore|x64
		AppStore|x86 = AppStore|x86
		Debug|Any CPU = Debug|Any CPU
		Debug|ARM = Debug|ARM
		Debug|iPhone = Debug|iPhone
		Debug|iPhoneSimulator = Debug|iPhoneSimulator
		Debug|x64 = Debug|x64
		Debug|x86 = Debug|x86
		Release|Any CPU = Release|Any CPU
		Release|ARM = Release|ARM
		Release|iPhone = Release|iPhone
		Release|iPhoneSimulator = Release|iPhoneSimulator
		Release|x64 = Release|x64
		Release|x86 = Release|x86
	EndGlobalSection
	GlobalSection(ProjectConfigurationPlatforms) = postSolution
		{114563DE-AE98-4565-B80C-68F53C95CEAD}.Ad-Hoc|Any CPU.ActiveCfg = Release|Any CPU
		{114563DE-AE98-4565-B80C-68F53C95CEAD}.Ad-Hoc|Any CPU.Build.0 = Release|Any CPU
		{114563DE-AE98-4565-B80C-68F53C95CEAD}.Ad-Hoc|ARM.ActiveCfg = Release|Any CPU
		{114563DE-AE98-4565-B80C-68F53C95CEAD}.Ad-Hoc|ARM.Build.0 = Release|Any CPU
		{114563DE-AE98-4565-B80C-68F53C95CEAD}.Ad-Hoc|iPhone.ActiveCfg = Release|Any CPU
		{114563DE-AE98-4565-B80C-68F53C95CEAD}.Ad-Hoc|iPhone.Build.0 = Release|Any CPU
		{114563DE-AE98-4565-B80C-68F53C95CEAD}.Ad-Hoc|iPhoneSimulator.ActiveCfg = Release|Any CPU
		{114563DE-AE98-4565-B80C-68F53C95CEAD}.Ad-Hoc|iPhoneSimulator.Build.0 = Release|Any CPU
		{114563DE-AE98-4565-B80C-68F53C95CEAD}.Ad-Hoc|x64.ActiveCfg = Release|Any CPU
		{114563DE-AE98-4565-B80C-68F53C95CEAD}.Ad-Hoc|x64.Build.0 = Release|Any CPU
		{114563DE-AE98-4565-B80C-68F53C95CEAD}.Ad-Hoc|x86.ActiveCfg = Release|Any CPU
		{114563DE-AE98-4565-B80C-68F53C95CEAD}.Ad-Hoc|x86.Build.0 = Release|Any CPU
		{114563DE-AE98-4565-B80C-68F53C95CEAD}.AppStore|Any CPU.ActiveCfg = Release|Any CPU
		{114563DE-AE98-4565-B80C-68F53C95CEAD}.AppStore|Any CPU.Build.0 = Release|Any CPU
		{114563DE-AE98-4565-B80C-68F53C95CEAD}.AppStore|ARM.ActiveCfg = Release|Any CPU
		{114563DE-AE98-4565-B80C-68F53C95CEAD}.AppStore|ARM.Build.0 = Release|Any CPU
		{114563DE-AE98-4565-B80C-68F53C95CEAD}.AppStore|iPhone.ActiveCfg = Release|Any CPU
		{114563DE-AE98-4565-B80C-68F53C95CEAD}.AppStore|iPhone.Build.0 = Release|Any CPU
		{114563DE-AE98-4565-B80C-68F53C95CEAD}.AppStore|iPhoneSimulator.ActiveCfg = Release|Any CPU
		{114563DE-AE98-4565-B80C-68F53C95CEAD}.AppStore|iPhoneSimulator.Build.0 = Release|Any CPU
		{114563DE-AE98-4565-B80C-68F53C95CEAD}.AppStore|x64.ActiveCfg = Release|Any CPU
		{114563DE-AE98-4565-B80C-68F53C95CEAD}.AppStore|x64.Build.0 = Release|Any CPU
		{114563DE-AE98-4565-B80C-68F53C95CEAD}.AppStore|x86.ActiveCfg = Release|Any CPU
		{114563DE-AE98-4565-B80C-68F53C95CEAD}.AppStore|x86.Build.0 = Release|Any CPU
		{114563DE-AE98-4565-B80C-68F53C95CEAD}.Debug|Any CPU.ActiveCfg = Debug|Any CPU
		{114563DE-AE98-4565-B80C-68F53C95CEAD}.Debug|Any CPU.Build.0 = Debug|Any CPU
		{114563DE-AE98-4565-B80C-68F53C95CEAD}.Debug|ARM.ActiveCfg = Debug|Any CPU
		{114563DE-AE98-4565-B80C-68F53C95CEAD}.Debug|ARM.Build.0 = Debug|Any CPU
		{114563DE-AE98-4565-B80C-68F53C95CEAD}.Debug|iPhone.ActiveCfg = Debug|Any CPU
		{114563DE-AE98-4565-B80C-68F53C95CEAD}.Debug|iPhone.Build.0 = Debug|Any CPU
		{114563DE-AE98-4565-B80C-68F53C95CEAD}.Debug|iPhoneSimulator.ActiveCfg = Debug|Any CPU
		{114563DE-AE98-4565-B80C-68F53C95CEAD}.Debug|iPhoneSimulator.Build.0 = Debug|Any CPU
		{114563DE-AE98-4565-B80C-68F53C95CEAD}.Debug|x64.ActiveCfg = Debug|Any CPU
		{114563DE-AE98-4565-B80C-68F53C95CEAD}.Debug|x64.Build.0 = Debug|Any CPU
		{114563DE-AE98-4565-B80C-68F53C95CEAD}.Debug|x86.ActiveCfg = Debug|Any CPU
		{114563DE-AE98-4565-B80C-68F53C95CEAD}.Debug|x86.Build.0 = Debug|Any CPU
		{114563DE-AE98-4565-B80C-68F53C95CEAD}.Release|Any CPU.ActiveCfg = Release|Any CPU
		{114563DE-AE98-4565-B80C-68F53C95CEAD}.Release|Any CPU.Build.0 = Release|Any CPU
		{114563DE-AE98-4565-B80C-68F53C95CEAD}.Release|ARM.ActiveCfg = Release|Any CPU
		{114563DE-AE98-4565-B80C-68F53C95CEAD}.Release|ARM.Build.0 = Release|Any CPU
		{114563DE-AE98-4565-B80C-68F53C95CEAD}.Release|iPhone.ActiveCfg = Release|Any CPU
		{114563DE-AE98-4565-B80C-68F53C95CEAD}.Release|iPhone.Build.0 = Release|Any CPU
		{114563DE-AE98-4565-B80C-68F53C95CEAD}.Release|iPhoneSimulator.ActiveCfg = Release|Any CPU
		{114563DE-AE98-4565-B80C-68F53C95CEAD}.Release|iPhoneSimulator.Build.0 = Release|Any CPU
		{114563DE-AE98-4565-B80C-68F53C95CEAD}.Release|x64.ActiveCfg = Release|Any CPU
		{114563DE-AE98-4565-B80C-68F53C95CEAD}.Release|x64.Build.0 = Release|Any CPU
		{114563DE-AE98-4565-B80C-68F53C95CEAD}.Release|x86.ActiveCfg = Release|Any CPU
		{114563DE-AE98-4565-B80C-68F53C95CEAD}.Release|x86.Build.0 = Release|Any CPU
		{9C373DC7-72B3-4411-A494-57A74DC3BE5D}.Ad-Hoc|Any CPU.ActiveCfg = Release|Any CPU
		{9C373DC7-72B3-4411-A494-57A74DC3BE5D}.Ad-Hoc|Any CPU.Build.0 = Release|Any CPU
		{9C373DC7-72B3-4411-A494-57A74DC3BE5D}.Ad-Hoc|Any CPU.Deploy.0 = Release|Any CPU
		{9C373DC7-72B3-4411-A494-57A74DC3BE5D}.Ad-Hoc|ARM.ActiveCfg = Release|Any CPU
		{9C373DC7-72B3-4411-A494-57A74DC3BE5D}.Ad-Hoc|ARM.Build.0 = Release|Any CPU
		{9C373DC7-72B3-4411-A494-57A74DC3BE5D}.Ad-Hoc|ARM.Deploy.0 = Release|Any CPU
		{9C373DC7-72B3-4411-A494-57A74DC3BE5D}.Ad-Hoc|iPhone.ActiveCfg = Release|Any CPU
		{9C373DC7-72B3-4411-A494-57A74DC3BE5D}.Ad-Hoc|iPhone.Build.0 = Release|Any CPU
		{9C373DC7-72B3-4411-A494-57A74DC3BE5D}.Ad-Hoc|iPhone.Deploy.0 = Release|Any CPU
		{9C373DC7-72B3-4411-A494-57A74DC3BE5D}.Ad-Hoc|iPhoneSimulator.ActiveCfg = Release|Any CPU
		{9C373DC7-72B3-4411-A494-57A74DC3BE5D}.Ad-Hoc|iPhoneSimulator.Build.0 = Release|Any CPU
		{9C373DC7-72B3-4411-A494-57A74DC3BE5D}.Ad-Hoc|iPhoneSimulator.Deploy.0 = Release|Any CPU
		{9C373DC7-72B3-4411-A494-57A74DC3BE5D}.Ad-Hoc|x64.ActiveCfg = Release|Any CPU
		{9C373DC7-72B3-4411-A494-57A74DC3BE5D}.Ad-Hoc|x64.Build.0 = Release|Any CPU
		{9C373DC7-72B3-4411-A494-57A74DC3BE5D}.Ad-Hoc|x64.Deploy.0 = Release|Any CPU
		{9C373DC7-72B3-4411-A494-57A74DC3BE5D}.Ad-Hoc|x86.ActiveCfg = Release|Any CPU
		{9C373DC7-72B3-4411-A494-57A74DC3BE5D}.Ad-Hoc|x86.Build.0 = Release|Any CPU
		{9C373DC7-72B3-4411-A494-57A74DC3BE5D}.Ad-Hoc|x86.Deploy.0 = Release|Any CPU
		{9C373DC7-72B3-4411-A494-57A74DC3BE5D}.AppStore|Any CPU.ActiveCfg = Release|Any CPU
		{9C373DC7-72B3-4411-A494-57A74DC3BE5D}.AppStore|Any CPU.Build.0 = Release|Any CPU
		{9C373DC7-72B3-4411-A494-57A74DC3BE5D}.AppStore|Any CPU.Deploy.0 = Release|Any CPU
		{9C373DC7-72B3-4411-A494-57A74DC3BE5D}.AppStore|ARM.ActiveCfg = Release|Any CPU
		{9C373DC7-72B3-4411-A494-57A74DC3BE5D}.AppStore|ARM.Build.0 = Release|Any CPU
		{9C373DC7-72B3-4411-A494-57A74DC3BE5D}.AppStore|ARM.Deploy.0 = Release|Any CPU
		{9C373DC7-72B3-4411-A494-57A74DC3BE5D}.AppStore|iPhone.ActiveCfg = Release|Any CPU
		{9C373DC7-72B3-4411-A494-57A74DC3BE5D}.AppStore|iPhone.Build.0 = Release|Any CPU
		{9C373DC7-72B3-4411-A494-57A74DC3BE5D}.AppStore|iPhone.Deploy.0 = Release|Any CPU
		{9C373DC7-72B3-4411-A494-57A74DC3BE5D}.AppStore|iPhoneSimulator.ActiveCfg = Release|Any CPU
		{9C373DC7-72B3-4411-A494-57A74DC3BE5D}.AppStore|iPhoneSimulator.Build.0 = Release|Any CPU
		{9C373DC7-72B3-4411-A494-57A74DC3BE5D}.AppStore|iPhoneSimulator.Deploy.0 = Release|Any CPU
		{9C373DC7-72B3-4411-A494-57A74DC3BE5D}.AppStore|x64.ActiveCfg = Release|Any CPU
		{9C373DC7-72B3-4411-A494-57A74DC3BE5D}.AppStore|x64.Build.0 = Release|Any CPU
		{9C373DC7-72B3-4411-A494-57A74DC3BE5D}.AppStore|x64.Deploy.0 = Release|Any CPU
		{9C373DC7-72B3-4411-A494-57A74DC3BE5D}.AppStore|x86.ActiveCfg = Release|Any CPU
		{9C373DC7-72B3-4411-A494-57A74DC3BE5D}.AppStore|x86.Build.0 = Release|Any CPU
		{9C373DC7-72B3-4411-A494-57A74DC3BE5D}.AppStore|x86.Deploy.0 = Release|Any CPU
		{9C373DC7-72B3-4411-A494-57A74DC3BE5D}.Debug|Any CPU.ActiveCfg = Debug|Any CPU
		{9C373DC7-72B3-4411-A494-57A74DC3BE5D}.Debug|Any CPU.Build.0 = Debug|Any CPU
		{9C373DC7-72B3-4411-A494-57A74DC3BE5D}.Debug|Any CPU.Deploy.0 = Debug|Any CPU
		{9C373DC7-72B3-4411-A494-57A74DC3BE5D}.Debug|ARM.ActiveCfg = Debug|Any CPU
		{9C373DC7-72B3-4411-A494-57A74DC3BE5D}.Debug|ARM.Build.0 = Debug|Any CPU
		{9C373DC7-72B3-4411-A494-57A74DC3BE5D}.Debug|ARM.Deploy.0 = Debug|Any CPU
		{9C373DC7-72B3-4411-A494-57A74DC3BE5D}.Debug|iPhone.ActiveCfg = Debug|Any CPU
		{9C373DC7-72B3-4411-A494-57A74DC3BE5D}.Debug|iPhone.Build.0 = Debug|Any CPU
		{9C373DC7-72B3-4411-A494-57A74DC3BE5D}.Debug|iPhone.Deploy.0 = Debug|Any CPU
		{9C373DC7-72B3-4411-A494-57A74DC3BE5D}.Debug|iPhoneSimulator.ActiveCfg = Debug|Any CPU
		{9C373DC7-72B3-4411-A494-57A74DC3BE5D}.Debug|iPhoneSimulator.Build.0 = Debug|Any CPU
		{9C373DC7-72B3-4411-A494-57A74DC3BE5D}.Debug|iPhoneSimulator.Deploy.0 = Debug|Any CPU
		{9C373DC7-72B3-4411-A494-57A74DC3BE5D}.Debug|x64.ActiveCfg = Debug|Any CPU
		{9C373DC7-72B3-4411-A494-57A74DC3BE5D}.Debug|x64.Build.0 = Debug|Any CPU
		{9C373DC7-72B3-4411-A494-57A74DC3BE5D}.Debug|x64.Deploy.0 = Debug|Any CPU
		{9C373DC7-72B3-4411-A494-57A74DC3BE5D}.Debug|x86.ActiveCfg = Debug|Any CPU
		{9C373DC7-72B3-4411-A494-57A74DC3BE5D}.Debug|x86.Build.0 = Debug|Any CPU
		{9C373DC7-72B3-4411-A494-57A74DC3BE5D}.Debug|x86.Deploy.0 = Debug|Any CPU
		{9C373DC7-72B3-4411-A494-57A74DC3BE5D}.Release|Any CPU.ActiveCfg = Release|Any CPU
		{9C373DC7-72B3-4411-A494-57A74DC3BE5D}.Release|Any CPU.Build.0 = Release|Any CPU
		{9C373DC7-72B3-4411-A494-57A74DC3BE5D}.Release|Any CPU.Deploy.0 = Release|Any CPU
		{9C373DC7-72B3-4411-A494-57A74DC3BE5D}.Release|ARM.ActiveCfg = Release|Any CPU
		{9C373DC7-72B3-4411-A494-57A74DC3BE5D}.Release|ARM.Build.0 = Release|Any CPU
		{9C373DC7-72B3-4411-A494-57A74DC3BE5D}.Release|ARM.Deploy.0 = Release|Any CPU
		{9C373DC7-72B3-4411-A494-57A74DC3BE5D}.Release|iPhone.ActiveCfg = Release|Any CPU
		{9C373DC7-72B3-4411-A494-57A74DC3BE5D}.Release|iPhone.Build.0 = Release|Any CPU
		{9C373DC7-72B3-4411-A494-57A74DC3BE5D}.Release|iPhone.Deploy.0 = Release|Any CPU
		{9C373DC7-72B3-4411-A494-57A74DC3BE5D}.Release|iPhoneSimulator.ActiveCfg = Release|Any CPU
		{9C373DC7-72B3-4411-A494-57A74DC3BE5D}.Release|iPhoneSimulator.Build.0 = Release|Any CPU
		{9C373DC7-72B3-4411-A494-57A74DC3BE5D}.Release|iPhoneSimulator.Deploy.0 = Release|Any CPU
		{9C373DC7-72B3-4411-A494-57A74DC3BE5D}.Release|x64.ActiveCfg = Release|Any CPU
		{9C373DC7-72B3-4411-A494-57A74DC3BE5D}.Release|x64.Build.0 = Release|Any CPU
		{9C373DC7-72B3-4411-A494-57A74DC3BE5D}.Release|x64.Deploy.0 = Release|Any CPU
		{9C373DC7-72B3-4411-A494-57A74DC3BE5D}.Release|x86.ActiveCfg = Release|Any CPU
		{9C373DC7-72B3-4411-A494-57A74DC3BE5D}.Release|x86.Build.0 = Release|Any CPU
		{9C373DC7-72B3-4411-A494-57A74DC3BE5D}.Release|x86.Deploy.0 = Release|Any CPU
		{1AEE3E67-3CAE-4BFE-8DCD-58B63D221FF2}.Ad-Hoc|Any CPU.ActiveCfg = Ad-Hoc|iPhone
		{1AEE3E67-3CAE-4BFE-8DCD-58B63D221FF2}.Ad-Hoc|ARM.ActiveCfg = Ad-Hoc|iPhone
		{1AEE3E67-3CAE-4BFE-8DCD-58B63D221FF2}.Ad-Hoc|iPhone.ActiveCfg = Ad-Hoc|iPhone
		{1AEE3E67-3CAE-4BFE-8DCD-58B63D221FF2}.Ad-Hoc|iPhone.Build.0 = Ad-Hoc|iPhone
		{1AEE3E67-3CAE-4BFE-8DCD-58B63D221FF2}.Ad-Hoc|iPhoneSimulator.ActiveCfg = Ad-Hoc|iPhoneSimulator
		{1AEE3E67-3CAE-4BFE-8DCD-58B63D221FF2}.Ad-Hoc|iPhoneSimulator.Build.0 = Ad-Hoc|iPhoneSimulator
		{1AEE3E67-3CAE-4BFE-8DCD-58B63D221FF2}.Ad-Hoc|x64.ActiveCfg = Ad-Hoc|iPhone
		{1AEE3E67-3CAE-4BFE-8DCD-58B63D221FF2}.Ad-Hoc|x86.ActiveCfg = Ad-Hoc|iPhone
		{1AEE3E67-3CAE-4BFE-8DCD-58B63D221FF2}.AppStore|Any CPU.ActiveCfg = AppStore|iPhone
		{1AEE3E67-3CAE-4BFE-8DCD-58B63D221FF2}.AppStore|ARM.ActiveCfg = AppStore|iPhone
		{1AEE3E67-3CAE-4BFE-8DCD-58B63D221FF2}.AppStore|iPhone.ActiveCfg = AppStore|iPhone
		{1AEE3E67-3CAE-4BFE-8DCD-58B63D221FF2}.AppStore|iPhone.Build.0 = AppStore|iPhone
		{1AEE3E67-3CAE-4BFE-8DCD-58B63D221FF2}.AppStore|iPhoneSimulator.ActiveCfg = AppStore|iPhoneSimulator
		{1AEE3E67-3CAE-4BFE-8DCD-58B63D221FF2}.AppStore|iPhoneSimulator.Build.0 = AppStore|iPhoneSimulator
		{1AEE3E67-3CAE-4BFE-8DCD-58B63D221FF2}.AppStore|x64.ActiveCfg = AppStore|iPhone
		{1AEE3E67-3CAE-4BFE-8DCD-58B63D221FF2}.AppStore|x86.ActiveCfg = AppStore|iPhone
		{1AEE3E67-3CAE-4BFE-8DCD-58B63D221FF2}.Debug|Any CPU.ActiveCfg = Debug|iPhone
		{1AEE3E67-3CAE-4BFE-8DCD-58B63D221FF2}.Debug|ARM.ActiveCfg = Debug|iPhone
		{1AEE3E67-3CAE-4BFE-8DCD-58B63D221FF2}.Debug|iPhone.ActiveCfg = Debug|iPhone
		{1AEE3E67-3CAE-4BFE-8DCD-58B63D221FF2}.Debug|iPhone.Build.0 = Debug|iPhone
		{1AEE3E67-3CAE-4BFE-8DCD-58B63D221FF2}.Debug|iPhoneSimulator.ActiveCfg = Debug|iPhoneSimulator
		{1AEE3E67-3CAE-4BFE-8DCD-58B63D221FF2}.Debug|iPhoneSimulator.Build.0 = Debug|iPhoneSimulator
		{1AEE3E67-3CAE-4BFE-8DCD-58B63D221FF2}.Debug|x64.ActiveCfg = Debug|iPhone
		{1AEE3E67-3CAE-4BFE-8DCD-58B63D221FF2}.Debug|x86.ActiveCfg = Debug|iPhone
		{1AEE3E67-3CAE-4BFE-8DCD-58B63D221FF2}.Release|Any CPU.ActiveCfg = Release|iPhone
		{1AEE3E67-3CAE-4BFE-8DCD-58B63D221FF2}.Release|ARM.ActiveCfg = Release|iPhone
		{1AEE3E67-3CAE-4BFE-8DCD-58B63D221FF2}.Release|iPhone.ActiveCfg = Release|iPhone
		{1AEE3E67-3CAE-4BFE-8DCD-58B63D221FF2}.Release|iPhone.Build.0 = Release|iPhone
		{1AEE3E67-3CAE-4BFE-8DCD-58B63D221FF2}.Release|iPhoneSimulator.ActiveCfg = Release|iPhoneSimulator
		{1AEE3E67-3CAE-4BFE-8DCD-58B63D221FF2}.Release|iPhoneSimulator.Build.0 = Release|iPhoneSimulator
		{1AEE3E67-3CAE-4BFE-8DCD-58B63D221FF2}.Release|x64.ActiveCfg = Release|iPhone
		{1AEE3E67-3CAE-4BFE-8DCD-58B63D221FF2}.Release|x86.ActiveCfg = Release|iPhone
		{12323492-6F26-4C17-8E71-07E1CEF6D1EC}.Ad-Hoc|Any CPU.ActiveCfg = Release|x86
		{12323492-6F26-4C17-8E71-07E1CEF6D1EC}.Ad-Hoc|Any CPU.Build.0 = Release|x86
		{12323492-6F26-4C17-8E71-07E1CEF6D1EC}.Ad-Hoc|Any CPU.Deploy.0 = Release|x86
		{12323492-6F26-4C17-8E71-07E1CEF6D1EC}.Ad-Hoc|ARM.ActiveCfg = Release|ARM
		{12323492-6F26-4C17-8E71-07E1CEF6D1EC}.Ad-Hoc|ARM.Build.0 = Release|ARM
		{12323492-6F26-4C17-8E71-07E1CEF6D1EC}.Ad-Hoc|ARM.Deploy.0 = Release|ARM
		{12323492-6F26-4C17-8E71-07E1CEF6D1EC}.Ad-Hoc|iPhone.ActiveCfg = Release|x86
		{12323492-6F26-4C17-8E71-07E1CEF6D1EC}.Ad-Hoc|iPhone.Build.0 = Release|x86
		{12323492-6F26-4C17-8E71-07E1CEF6D1EC}.Ad-Hoc|iPhone.Deploy.0 = Release|x86
		{12323492-6F26-4C17-8E71-07E1CEF6D1EC}.Ad-Hoc|iPhoneSimulator.ActiveCfg = Release|x86
		{12323492-6F26-4C17-8E71-07E1CEF6D1EC}.Ad-Hoc|iPhoneSimulator.Build.0 = Release|x86
		{12323492-6F26-4C17-8E71-07E1CEF6D1EC}.Ad-Hoc|iPhoneSimulator.Deploy.0 = Release|x86
		{12323492-6F26-4C17-8E71-07E1CEF6D1EC}.Ad-Hoc|x64.ActiveCfg = Release|x64
		{12323492-6F26-4C17-8E71-07E1CEF6D1EC}.Ad-Hoc|x64.Build.0 = Release|x64
		{12323492-6F26-4C17-8E71-07E1CEF6D1EC}.Ad-Hoc|x64.Deploy.0 = Release|x64
		{12323492-6F26-4C17-8E71-07E1CEF6D1EC}.Ad-Hoc|x86.ActiveCfg = Release|x86
		{12323492-6F26-4C17-8E71-07E1CEF6D1EC}.Ad-Hoc|x86.Build.0 = Release|x86
		{12323492-6F26-4C17-8E71-07E1CEF6D1EC}.Ad-Hoc|x86.Deploy.0 = Release|x86
		{12323492-6F26-4C17-8E71-07E1CEF6D1EC}.AppStore|Any CPU.ActiveCfg = Release|x86
		{12323492-6F26-4C17-8E71-07E1CEF6D1EC}.AppStore|Any CPU.Build.0 = Release|x86
		{12323492-6F26-4C17-8E71-07E1CEF6D1EC}.AppStore|Any CPU.Deploy.0 = Release|x86
		{12323492-6F26-4C17-8E71-07E1CEF6D1EC}.AppStore|ARM.ActiveCfg = Release|ARM
		{12323492-6F26-4C17-8E71-07E1CEF6D1EC}.AppStore|ARM.Build.0 = Release|ARM
		{12323492-6F26-4C17-8E71-07E1CEF6D1EC}.AppStore|ARM.Deploy.0 = Release|ARM
		{12323492-6F26-4C17-8E71-07E1CEF6D1EC}.AppStore|iPhone.ActiveCfg = Release|x86
		{12323492-6F26-4C17-8E71-07E1CEF6D1EC}.AppStore|iPhone.Build.0 = Release|x86
		{12323492-6F26-4C17-8E71-07E1CEF6D1EC}.AppStore|iPhone.Deploy.0 = Release|x86
		{12323492-6F26-4C17-8E71-07E1CEF6D1EC}.AppStore|iPhoneSimulator.ActiveCfg = Release|x86
		{12323492-6F26-4C17-8E71-07E1CEF6D1EC}.AppStore|iPhoneSimulator.Build.0 = Release|x86
		{12323492-6F26-4C17-8E71-07E1CEF6D1EC}.AppStore|iPhoneSimulator.Deploy.0 = Release|x86
		{12323492-6F26-4C17-8E71-07E1CEF6D1EC}.AppStore|x64.ActiveCfg = Release|x64
		{12323492-6F26-4C17-8E71-07E1CEF6D1EC}.AppStore|x64.Build.0 = Release|x64
		{12323492-6F26-4C17-8E71-07E1CEF6D1EC}.AppStore|x64.Deploy.0 = Release|x64
		{12323492-6F26-4C17-8E71-07E1CEF6D1EC}.AppStore|x86.ActiveCfg = Release|x86
		{12323492-6F26-4C17-8E71-07E1CEF6D1EC}.AppStore|x86.Build.0 = Release|x86
		{12323492-6F26-4C17-8E71-07E1CEF6D1EC}.AppStore|x86.Deploy.0 = Release|x86
		{12323492-6F26-4C17-8E71-07E1CEF6D1EC}.Debug|Any CPU.ActiveCfg = Debug|x86
		{12323492-6F26-4C17-8E71-07E1CEF6D1EC}.Debug|Any CPU.Build.0 = Debug|x86
		{12323492-6F26-4C17-8E71-07E1CEF6D1EC}.Debug|Any CPU.Deploy.0 = Debug|x86
		{12323492-6F26-4C17-8E71-07E1CEF6D1EC}.Debug|ARM.ActiveCfg = Debug|ARM
		{12323492-6F26-4C17-8E71-07E1CEF6D1EC}.Debug|ARM.Build.0 = Debug|ARM
		{12323492-6F26-4C17-8E71-07E1CEF6D1EC}.Debug|ARM.Deploy.0 = Debug|ARM
		{12323492-6F26-4C17-8E71-07E1CEF6D1EC}.Debug|iPhone.ActiveCfg = Debug|x86
		{12323492-6F26-4C17-8E71-07E1CEF6D1EC}.Debug|iPhone.Build.0 = Debug|x86
		{12323492-6F26-4C17-8E71-07E1CEF6D1EC}.Debug|iPhone.Deploy.0 = Debug|x86
		{12323492-6F26-4C17-8E71-07E1CEF6D1EC}.Debug|iPhoneSimulator.ActiveCfg = Debug|x86
		{12323492-6F26-4C17-8E71-07E1CEF6D1EC}.Debug|x64.ActiveCfg = Debug|x64
		{12323492-6F26-4C17-8E71-07E1CEF6D1EC}.Debug|x64.Build.0 = Debug|x64
		{12323492-6F26-4C17-8E71-07E1CEF6D1EC}.Debug|x64.Deploy.0 = Debug|x64
		{12323492-6F26-4C17-8E71-07E1CEF6D1EC}.Debug|x86.ActiveCfg = Debug|x86
		{12323492-6F26-4C17-8E71-07E1CEF6D1EC}.Debug|x86.Build.0 = Debug|x86
		{12323492-6F26-4C17-8E71-07E1CEF6D1EC}.Debug|x86.Deploy.0 = Debug|x86
		{12323492-6F26-4C17-8E71-07E1CEF6D1EC}.Release|Any CPU.ActiveCfg = Release|x86
		{12323492-6F26-4C17-8E71-07E1CEF6D1EC}.Release|ARM.ActiveCfg = Release|ARM
		{12323492-6F26-4C17-8E71-07E1CEF6D1EC}.Release|ARM.Build.0 = Release|ARM
		{12323492-6F26-4C17-8E71-07E1CEF6D1EC}.Release|ARM.Deploy.0 = Release|ARM
		{12323492-6F26-4C17-8E71-07E1CEF6D1EC}.Release|iPhone.ActiveCfg = Release|x86
		{12323492-6F26-4C17-8E71-07E1CEF6D1EC}.Release|iPhoneSimulator.ActiveCfg = Release|x86
		{12323492-6F26-4C17-8E71-07E1CEF6D1EC}.Release|x64.ActiveCfg = Release|x64
		{12323492-6F26-4C17-8E71-07E1CEF6D1EC}.Release|x64.Build.0 = Release|x64
		{12323492-6F26-4C17-8E71-07E1CEF6D1EC}.Release|x64.Deploy.0 = Release|x64
		{12323492-6F26-4C17-8E71-07E1CEF6D1EC}.Release|x86.ActiveCfg = Release|x86
		{12323492-6F26-4C17-8E71-07E1CEF6D1EC}.Release|x86.Build.0 = Release|x86
		{12323492-6F26-4C17-8E71-07E1CEF6D1EC}.Release|x86.Deploy.0 = Release|x86
	EndGlobalSection
	GlobalSection(SolutionProperties) = preSolution
		HideSolutionNode = FALSE
	EndGlobalSection
EndGlobal
